
Microsoft Visual Studio Solution File, Format Version 12.00
# Visual Studio Version 16
VisualStudioVersion = 16.0.30804.86
MinimumVisualStudioVersion = 10.0.40219.1
Project("{FAE04EC0-301F-11D3-BF4B-00C04F79EFBC}") = "毕设", "毕设.csproj", "{A000F5AC-1875-494F-B96D-6F9DBF54BAF7}"
EndProject
Global
	GlobalSection(SolutionConfigurationPlatforms) = preSolution
		Debug|Any CPU = Debug|Any CPU
		Release|Any CPU = Release|Any CPU
	EndGlobalSection
	GlobalSection(ProjectConfigurationPlatforms) = postSolution
		{A000F5AC-1875-494F-B96D-6F9DBF54BAF7}.Debug|Any CPU.ActiveCfg = Debug|Any CPU
		{A000F5AC-1875-494F-B96D-6F9DBF54BAF7}.Debug|Any CPU.Build.0 = Debug|Any CPU
		{A000F5AC-1875-494F-B96D-6F9DBF54BAF7}.Release|Any CPU.ActiveCfg = Release|Any CPU
		{A000F5AC-1875-494F-B96D-6F9DBF54BAF7}.Release|Any CPU.Build.0 = Release|Any CPU
	EndGlobalSection
	GlobalSection(SolutionProperties) = preSolution
		HideSolutionNode = FALSE
	EndGlobalSection
	GlobalSection(ExtensibilityGlobals) = postSolution
		SolutionGuid = {F203F26C-57C2-4903-A3F2-48CC650B79F1}
	EndGlobalSection
EndGlobal
