
Microsoft Visual Studio Solution File, Format Version 12.00
# Visual Studio 2012
Project("{FAE04EC0-301F-11D3-BF4B-00C04F79EFBC}") = "毕设", "毕设.csproj", "{A000F5AC-1875-494F-B96D-6F9DBF54BAF7}"
EndProject
Project("{FAE04EC0-301F-11D3-BF4B-00C04F79EFBC}") = "BLL", "BLL\BLL.csproj", "{7059EA40-D457-4B5E-8DF0-FF9BDAD45394}"
EndProject
Project("{FAE04EC0-301F-11D3-BF4B-00C04F79EFBC}") = "DAL", "DAL\DAL.csproj", "{87BB2AAA-202D-4C63-A9E5-1549D29A34E6}"
EndProject
Project("{FAE04EC0-301F-11D3-BF4B-00C04F79EFBC}") = "Model", "Model\Model.csproj", "{E652FC92-9F60-4575-BE29-3D9DE7316DB8}"
EndProject
Project("{FAE04EC0-301F-11D3-BF4B-00C04F79EFBC}") = "DBUtility", "DBUtility\DBUtility.csproj", "{4A9FC40B-00F6-42D9-B089-61E56A51ED90}"
EndProject
Global
	GlobalSection(SolutionConfigurationPlatforms) = preSolution
		Debug|Any CPU = Debug|Any CPU
		Release|Any CPU = Release|Any CPU
	EndGlobalSection
	GlobalSection(ProjectConfigurationPlatforms) = postSolution
		{A000F5AC-1875-494F-B96D-6F9DBF54BAF7}.Debug|Any CPU.ActiveCfg = Debug|Any CPU
		{A000F5AC-1875-494F-B96D-6F9DBF54BAF7}.Debug|Any CPU.Build.0 = Debug|Any CPU
		{A000F5AC-1875-494F-B96D-6F9DBF54BAF7}.Release|Any CPU.ActiveCfg = Release|Any CPU
		{A000F5AC-1875-494F-B96D-6F9DBF54BAF7}.Release|Any CPU.Build.0 = Release|Any CPU
		{7059EA40-D457-4B5E-8DF0-FF9BDAD45394}.Debug|Any CPU.ActiveCfg = Debug|Any CPU
		{7059EA40-D457-4B5E-8DF0-FF9BDAD45394}.Debug|Any CPU.Build.0 = Debug|Any CPU
		{7059EA40-D457-4B5E-8DF0-FF9BDAD45394}.Release|Any CPU.ActiveCfg = Release|Any CPU
		{7059EA40-D457-4B5E-8DF0-FF9BDAD45394}.Release|Any CPU.Build.0 = Release|Any CPU
		{87BB2AAA-202D-4C63-A9E5-1549D29A34E6}.Debug|Any CPU.ActiveCfg = Debug|Any CPU
		{87BB2AAA-202D-4C63-A9E5-1549D29A34E6}.Debug|Any CPU.Build.0 = Debug|Any CPU
		{87BB2AAA-202D-4C63-A9E5-1549D29A34E6}.Release|Any CPU.ActiveCfg = Release|Any CPU
		{87BB2AAA-202D-4C63-A9E5-1549D29A34E6}.Release|Any CPU.Build.0 = Release|Any CPU
		{E652FC92-9F60-4575-BE29-3D9DE7316DB8}.Debug|Any CPU.ActiveCfg = Debug|Any CPU
		{E652FC92-9F60-4575-BE29-3D9DE7316DB8}.Debug|Any CPU.Build.0 = Debug|Any CPU
		{E652FC92-9F60-4575-BE29-3D9DE7316DB8}.Release|Any CPU.ActiveCfg = Release|Any CPU
		{E652FC92-9F60-4575-BE29-3D9DE7316DB8}.Release|Any CPU.Build.0 = Release|Any CPU
		{4A9FC40B-00F6-42D9-B089-61E56A51ED90}.Debug|Any CPU.ActiveCfg = Debug|Any CPU
		{4A9FC40B-00F6-42D9-B089-61E56A51ED90}.Debug|Any CPU.Build.0 = Debug|Any CPU
		{4A9FC40B-00F6-42D9-B089-61E56A51ED90}.Release|Any CPU.ActiveCfg = Release|Any CPU
		{4A9FC40B-00F6-42D9-B089-61E56A51ED90}.Release|Any CPU.Build.0 = Release|Any CPU
	EndGlobalSection
	GlobalSection(SolutionProperties) = preSolution
		HideSolutionNode = FALSE
	EndGlobalSection
	GlobalSection(ExtensibilityGlobals) = postSolution
		SolutionGuid = {F203F26C-57C2-4903-A3F2-48CC650B79F1}
	EndGlobalSection
EndGlobal
